
Microsoft Visual Studio Solution File, Format Version 12.00
# Visual Studio Version 16
VisualStudioVersion = 16.0.30204.135
MinimumVisualStudioVersion = 10.0.40219.1
Project("{FAE04EC0-301F-11D3-BF4B-00C04F79EFBC}") = "VendingMachine", "VendingMachine\VendingMachine.csproj", "{3954AD1C-C9BD-4A84-8126-8F5061AF9765}"
EndProject
Global
	GlobalSection(SolutionConfigurationPlatforms) = preSolution
		Debug|Any CPU = Debug|Any CPU
		Release|Any CPU = Release|Any CPU
	EndGlobalSection
	GlobalSection(ProjectConfigurationPlatforms) = postSolution
		{3954AD1C-C9BD-4A84-8126-8F5061AF9765}.Debug|Any CPU.ActiveCfg = Debug|Any CPU
		{3954AD1C-C9BD-4A84-8126-8F5061AF9765}.Debug|Any CPU.Build.0 = Debug|Any CPU
		{3954AD1C-C9BD-4A84-8126-8F5061AF9765}.Release|Any CPU.ActiveCfg = Release|Any CPU
		{3954AD1C-C9BD-4A84-8126-8F5061AF9765}.Release|Any CPU.Build.0 = Release|Any CPU
	EndGlobalSection
	GlobalSection(SolutionProperties) = preSolution
		HideSolutionNode = FALSE
	EndGlobalSection
	GlobalSection(ExtensibilityGlobals) = postSolution
		SolutionGuid = {913BAF75-4494-4E03-B93D-1B9E18B12E12}
	EndGlobalSection
EndGlobal
